# THIS IS AN AUTOGENERATED FILE. DO NOT EDIT THIS FILE DIRECTLY.
# yarn lockfile v1


ee-first@1.1.1:
  version "1.1.1"
  resolved "https://registry.yarnpkg.com/ee-first/-/ee-first-1.1.1.tgz#590c61156b0ae2f4f0255732a158b266bc56b21d"

hash-sum@^1.0.2:
  version "1.0.2"
  resolved "https://registry.yarnpkg.com/hash-sum/-/hash-sum-1.0.2.tgz#33b40777754c6432573c120cc3808bbd10d47f04"

nats@^1.0.0:
  version "1.0.0"
  resolved "https://npmrepo.telegraaf.nl/nats/-/nats-1.0.0.tgz#6b1681c46ec08ea0b92dfed1abe413692b44c35f"
  dependencies:
    nuid "^1.0.0"

nuid@^1.0.0:
  version "1.0.0"
  resolved "https://npmrepo.telegraaf.nl/nuid/-/nuid-1.0.0.tgz#04ecc21be41cc321940a9089984382f3bdc61638"

on-finished@^2.3.0:
  version "2.3.0"
  resolved "https://registry.yarnpkg.com/on-finished/-/on-finished-2.3.0.tgz#20f1336481b083cd75337992a16971aa2d906947"
  dependencies:
    ee-first "1.1.1"
